// !$*UTF8*$!
{
	archiveVersion = 1;
	classes = {
	};
	objectVersion = 56;
	objects = {

/* Begin PBXBuildFile section */
		584DBB512913D5D4006CEDA4 /* UserSingleton.swift in Sources */ = {isa = PBXBuildFile; fileRef = 584DBB502913D5D4006CEDA4 /* UserSingleton.swift */; };
		58B966FE2913AA1100A42666 /* AppDelegate.swift in Sources */ = {isa = PBXBuildFile; fileRef = 58B966FD2913AA1100A42666 /* AppDelegate.swift */; };
		58B967002913AA1100A42666 /* SceneDelegate.swift in Sources */ = {isa = PBXBuildFile; fileRef = 58B966FF2913AA1100A42666 /* SceneDelegate.swift */; };
		58B967022913AA1100A42666 /* SignInVC.swift in Sources */ = {isa = PBXBuildFile; fileRef = 58B967012913AA1100A42666 /* SignInVC.swift */; };
		58B967052913AA1100A42666 /* Main.storyboard in Resources */ = {isa = PBXBuildFile; fileRef = 58B967032913AA1100A42666 /* Main.storyboard */; };
		58B967072913AA1500A42666 /* Assets.xcassets in Resources */ = {isa = PBXBuildFile; fileRef = 58B967062913AA1500A42666 /* Assets.xcassets */; };
		58B9670A2913AA1500A42666 /* LaunchScreen.storyboard in Resources */ = {isa = PBXBuildFile; fileRef = 58B967082913AA1500A42666 /* LaunchScreen.storyboard */; };
		58B967132913AA8900A42666 /* FirebaseAppDistribution-Beta in Frameworks */ = {isa = PBXBuildFile; productRef = 58B967122913AA8900A42666 /* FirebaseAppDistribution-Beta */; };
		58B967152913AA8900A42666 /* FirebaseAuth in Frameworks */ = {isa = PBXBuildFile; productRef = 58B967142913AA8900A42666 /* FirebaseAuth */; };
		58B967172913AA8900A42666 /* FirebaseDatabase in Frameworks */ = {isa = PBXBuildFile; productRef = 58B967162913AA8900A42666 /* FirebaseDatabase */; };
		58B967192913AA8900A42666 /* FirebaseDynamicLinks in Frameworks */ = {isa = PBXBuildFile; productRef = 58B967182913AA8900A42666 /* FirebaseDynamicLinks */; };
		58B9671B2913AA8900A42666 /* FirebaseFirestore in Frameworks */ = {isa = PBXBuildFile; productRef = 58B9671A2913AA8900A42666 /* FirebaseFirestore */; };
		58B9671D2913AA8900A42666 /* FirebaseFirestoreSwift-Beta in Frameworks */ = {isa = PBXBuildFile; productRef = 58B9671C2913AA8900A42666 /* FirebaseFirestoreSwift-Beta */; };
		58B9671F2913AA8900A42666 /* FirebaseFunctions in Frameworks */ = {isa = PBXBuildFile; productRef = 58B9671E2913AA8900A42666 /* FirebaseFunctions */; };
		58B967212913AA8900A42666 /* FirebaseInAppMessaging-Beta in Frameworks */ = {isa = PBXBuildFile; productRef = 58B967202913AA8900A42666 /* FirebaseInAppMessaging-Beta */; };
		58B967232913AA8900A42666 /* FirebaseInAppMessagingSwift-Beta in Frameworks */ = {isa = PBXBuildFile; productRef = 58B967222913AA8900A42666 /* FirebaseInAppMessagingSwift-Beta */; };
		58B967252913AA8900A42666 /* FirebaseInstallations in Frameworks */ = {isa = PBXBuildFile; productRef = 58B967242913AA8900A42666 /* FirebaseInstallations */; };
		58B967272913AA8900A42666 /* FirebaseMLModelDownloader in Frameworks */ = {isa = PBXBuildFile; productRef = 58B967262913AA8900A42666 /* FirebaseMLModelDownloader */; };
		58B967292913AA8900A42666 /* FirebaseMessaging in Frameworks */ = {isa = PBXBuildFile; productRef = 58B967282913AA8900A42666 /* FirebaseMessaging */; };
		58B9672B2913AA8900A42666 /* FirebaseRemoteConfig in Frameworks */ = {isa = PBXBuildFile; productRef = 58B9672A2913AA8900A42666 /* FirebaseRemoteConfig */; };
		58B9672D2913AA8900A42666 /* FirebaseStorage in Frameworks */ = {isa = PBXBuildFile; productRef = 58B9672C2913AA8900A42666 /* FirebaseStorage */; };
		58B9672F2913AA8900A42666 /* FirebaseStorageSwift-Beta in Frameworks */ = {isa = PBXBuildFile; productRef = 58B9672E2913AA8900A42666 /* FirebaseStorageSwift-Beta */; };
		58B967312913AAA300A42666 /* GoogleService-Info.plist in Resources */ = {isa = PBXBuildFile; fileRef = 58B967302913AAA200A42666 /* GoogleService-Info.plist */; };
		58B967332913AE6000A42666 /* UploadVC.swift in Sources */ = {isa = PBXBuildFile; fileRef = 58B967322913AE6000A42666 /* UploadVC.swift */; };
		58B967352913AE7000A42666 /* FeedVC.swift in Sources */ = {isa = PBXBuildFile; fileRef = 58B967342913AE7000A42666 /* FeedVC.swift */; };
		58B967372913AE8200A42666 /* SettingVC.swift in Sources */ = {isa = PBXBuildFile; fileRef = 58B967362913AE8200A42666 /* SettingVC.swift */; };
		58B967392913B07500A42666 /* SnapVC.swift in Sources */ = {isa = PBXBuildFile; fileRef = 58B967382913B07500A42666 /* SnapVC.swift */; };
		58BCF31F2914F937004F470F /* SnapModel.swift in Sources */ = {isa = PBXBuildFile; fileRef = 58BCF31E2914F936004F470F /* SnapModel.swift */; };
		58BCF3212914FDB3004F470F /* FeedCell.swift in Sources */ = {isa = PBXBuildFile; fileRef = 58BCF3202914FDB2004F470F /* FeedCell.swift */; };
		58BCF3242915006C004F470F /* SDWebImage in Frameworks */ = {isa = PBXBuildFile; productRef = 58BCF3232915006C004F470F /* SDWebImage */; };
		58BCF32D29150B07004F470F /* ImageSlideshow in Frameworks */ = {isa = PBXBuildFile; productRef = 58BCF32C29150B07004F470F /* ImageSlideshow */; };
		58BCF32F29150B07004F470F /* ImageSlideshow/Alamofire in Frameworks */ = {isa = PBXBuildFile; productRef = 58BCF32E29150B07004F470F /* ImageSlideshow/Alamofire */; };
		58BCF33129150B07004F470F /* ImageSlideshow/Kingfisher in Frameworks */ = {isa = PBXBuildFile; productRef = 58BCF33029150B07004F470F /* ImageSlideshow/Kingfisher */; };
		58BCF33329150B07004F470F /* ImageSlideshow/SDWebImage in Frameworks */ = {isa = PBXBuildFile; productRef = 58BCF33229150B07004F470F /* ImageSlideshow/SDWebImage */; };
/* End PBXBuildFile section */

/* Begin PBXFileReference section */
		584DBB502913D5D4006CEDA4 /* UserSingleton.swift */ = {isa = PBXFileReference; lastKnownFileType = sourcecode.swift; path = UserSingleton.swift; sourceTree = "<group>"; };
		58B966FA2913AA1100A42666 /* SnapchatClone.app */ = {isa = PBXFileReference; explicitFileType = wrapper.application; includeInIndex = 0; path = SnapchatClone.app; sourceTree = BUILT_PRODUCTS_DIR; };
		58B966FD2913AA1100A42666 /* AppDelegate.swift */ = {isa = PBXFileReference; lastKnownFileType = sourcecode.swift; path = AppDelegate.swift; sourceTree = "<group>"; };
		58B966FF2913AA1100A42666 /* SceneDelegate.swift */ = {isa = PBXFileReference; lastKnownFileType = sourcecode.swift; path = SceneDelegate.swift; sourceTree = "<group>"; };
		58B967012913AA1100A42666 /* SignInVC.swift */ = {isa = PBXFileReference; lastKnownFileType = sourcecode.swift; path = SignInVC.swift; sourceTree = "<group>"; };
		58B967042913AA1100A42666 /* Base */ = {isa = PBXFileReference; lastKnownFileType = file.storyboard; name = Base; path = Base.lproj/Main.storyboard; sourceTree = "<group>"; };
		58B967062913AA1500A42666 /* Assets.xcassets */ = {isa = PBXFileReference; lastKnownFileType = folder.assetcatalog; path = Assets.xcassets; sourceTree = "<group>"; };
		58B967092913AA1500A42666 /* Base */ = {isa = PBXFileReference; lastKnownFileType = file.storyboard; name = Base; path = Base.lproj/LaunchScreen.storyboard; sourceTree = "<group>"; };
		58B9670B2913AA1500A42666 /* Info.plist */ = {isa = PBXFileReference; lastKnownFileType = text.plist.xml; path = Info.plist; sourceTree = "<group>"; };
		58B967302913AAA200A42666 /* GoogleService-Info.plist */ = {isa = PBXFileReference; fileEncoding = 4; lastKnownFileType = text.plist.xml; path = "GoogleService-Info.plist"; sourceTree = "<group>"; };
		58B967322913AE6000A42666 /* UploadVC.swift */ = {isa = PBXFileReference; lastKnownFileType = sourcecode.swift; path = UploadVC.swift; sourceTree = "<group>"; };
		58B967342913AE7000A42666 /* FeedVC.swift */ = {isa = PBXFileReference; lastKnownFileType = sourcecode.swift; path = FeedVC.swift; sourceTree = "<group>"; };
		58B967362913AE8200A42666 /* SettingVC.swift */ = {isa = PBXFileReference; lastKnownFileType = sourcecode.swift; path = SettingVC.swift; sourceTree = "<group>"; };
		58B967382913B07500A42666 /* SnapVC.swift */ = {isa = PBXFileReference; lastKnownFileType = sourcecode.swift; path = SnapVC.swift; sourceTree = "<group>"; };
		58BCF31E2914F936004F470F /* SnapModel.swift */ = {isa = PBXFileReference; lastKnownFileType = sourcecode.swift; path = SnapModel.swift; sourceTree = "<group>"; };
		58BCF3202914FDB2004F470F /* FeedCell.swift */ = {isa = PBXFileReference; lastKnownFileType = sourcecode.swift; path = FeedCell.swift; sourceTree = "<group>"; };
/* End PBXFileReference section */

/* Begin PBXFrameworksBuildPhase section */
		58B966F72913AA1100A42666 /* Frameworks */ = {
			isa = PBXFrameworksBuildPhase;
			buildActionMask = 2147483647;
			files = (
				58B967292913AA8900A42666 /* FirebaseMessaging in Frameworks */,
				58BCF32D29150B07004F470F /* ImageSlideshow in Frameworks */,
				58B967172913AA8900A42666 /* FirebaseDatabase in Frameworks */,
				58BCF3242915006C004F470F /* SDWebImage in Frameworks */,
				58BCF32F29150B07004F470F /* ImageSlideshow/Alamofire in Frameworks */,
				58BCF33329150B07004F470F /* ImageSlideshow/SDWebImage in Frameworks */,
				58BCF33129150B07004F470F /* ImageSlideshow/Kingfisher in Frameworks */,
				58B9671F2913AA8900A42666 /* FirebaseFunctions in Frameworks */,
				58B967132913AA8900A42666 /* FirebaseAppDistribution-Beta in Frameworks */,
				58B967212913AA8900A42666 /* FirebaseInAppMessaging-Beta in Frameworks */,
				58B9672F2913AA8900A42666 /* FirebaseStorageSwift-Beta in Frameworks */,
				58B967152913AA8900A42666 /* FirebaseAuth in Frameworks */,
				58B9671D2913AA8900A42666 /* FirebaseFirestoreSwift-Beta in Frameworks */,
				58B9671B2913AA8900A42666 /* FirebaseFirestore in Frameworks */,
				58B967272913AA8900A42666 /* FirebaseMLModelDownloader in Frameworks */,
				58B967232913AA8900A42666 /* FirebaseInAppMessagingSwift-Beta in Frameworks */,
				58B9672B2913AA8900A42666 /* FirebaseRemoteConfig in Frameworks */,
				58B9672D2913AA8900A42666 /* FirebaseStorage in Frameworks */,
				58B967192913AA8900A42666 /* FirebaseDynamicLinks in Frameworks */,
				58B967252913AA8900A42666 /* FirebaseInstallations in Frameworks */,
			);
			runOnlyForDeploymentPostprocessing = 0;
		};
/* End PBXFrameworksBuildPhase section */

/* Begin PBXGroup section */
		584DBB4F2913D3AD006CEDA4 /* Delegates */ = {
			isa = PBXGroup;
			children = (
				58B966FD2913AA1100A42666 /* AppDelegate.swift */,
				58B966FF2913AA1100A42666 /* SceneDelegate.swift */,
			);
			path = Delegates;
			sourceTree = "<group>";
		};
		58B966F12913AA1100A42666 = {
			isa = PBXGroup;
			children = (
				58B966FC2913AA1100A42666 /* SnapchatClone */,
				58B966FB2913AA1100A42666 /* Products */,
			);
			sourceTree = "<group>";
		};
		58B966FB2913AA1100A42666 /* Products */ = {
			isa = PBXGroup;
			children = (
				58B966FA2913AA1100A42666 /* SnapchatClone.app */,
			);
			name = Products;
			sourceTree = "<group>";
		};
		58B966FC2913AA1100A42666 /* SnapchatClone */ = {
			isa = PBXGroup;
			children = (
				58BCF334291510CD004F470F /* Model */,
				584DBB4F2913D3AD006CEDA4 /* Delegates */,
				58B9673A2913B07A00A42666 /* View */,
				58B967062913AA1500A42666 /* Assets.xcassets */,
				58B967082913AA1500A42666 /* LaunchScreen.storyboard */,
				58B967302913AAA200A42666 /* GoogleService-Info.plist */,
				58B9670B2913AA1500A42666 /* Info.plist */,
			);
			path = SnapchatClone;
			sourceTree = "<group>";
		};
		58B9673A2913B07A00A42666 /* View */ = {
			isa = PBXGroup;
			children = (
				58B967032913AA1100A42666 /* Main.storyboard */,
				58B967012913AA1100A42666 /* SignInVC.swift */,
				58B967322913AE6000A42666 /* UploadVC.swift */,
				58B967342913AE7000A42666 /* FeedVC.swift */,
				58BCF3202914FDB2004F470F /* FeedCell.swift */,
				58B967382913B07500A42666 /* SnapVC.swift */,
				58B967362913AE8200A42666 /* SettingVC.swift */,
			);
			path = View;
			sourceTree = "<group>";
		};
		58BCF334291510CD004F470F /* Model */ = {
			isa = PBXGroup;
			children = (
				584DBB502913D5D4006CEDA4 /* UserSingleton.swift */,
				58BCF31E2914F936004F470F /* SnapModel.swift */,
			);
			path = Model;
			sourceTree = "<group>";
		};
/* End PBXGroup section */

/* Begin PBXNativeTarget section */
		58B966F92913AA1100A42666 /* SnapchatClone */ = {
			isa = PBXNativeTarget;
			buildConfigurationList = 58B9670E2913AA1500A42666 /* Build configuration list for PBXNativeTarget "SnapchatClone" */;
			buildPhases = (
				58B966F62913AA1100A42666 /* Sources */,
				58B966F72913AA1100A42666 /* Frameworks */,
				58B966F82913AA1100A42666 /* Resources */,
			);
			buildRules = (
			);
			dependencies = (
			);
			name = SnapchatClone;
			packageProductDependencies = (
				58B967122913AA8900A42666 /* FirebaseAppDistribution-Beta */,
				58B967142913AA8900A42666 /* FirebaseAuth */,
				58B967162913AA8900A42666 /* FirebaseDatabase */,
				58B967182913AA8900A42666 /* FirebaseDynamicLinks */,
				58B9671A2913AA8900A42666 /* FirebaseFirestore */,
				58B9671C2913AA8900A42666 /* FirebaseFirestoreSwift-Beta */,
				58B9671E2913AA8900A42666 /* FirebaseFunctions */,
				58B967202913AA8900A42666 /* FirebaseInAppMessaging-Beta */,
				58B967222913AA8900A42666 /* FirebaseInAppMessagingSwift-Beta */,
				58B967242913AA8900A42666 /* FirebaseInstallations */,
				58B967262913AA8900A42666 /* FirebaseMLModelDownloader */,
				58B967282913AA8900A42666 /* FirebaseMessaging */,
				58B9672A2913AA8900A42666 /* FirebaseRemoteConfig */,
				58B9672C2913AA8900A42666 /* FirebaseStorage */,
				58B9672E2913AA8900A42666 /* FirebaseStorageSwift-Beta */,
				58BCF3232915006C004F470F /* SDWebImage */,
				58BCF32C29150B07004F470F /* ImageSlideshow */,
				58BCF32E29150B07004F470F /* ImageSlideshow/Alamofire */,
				58BCF33029150B07004F470F /* ImageSlideshow/Kingfisher */,
				58BCF33229150B07004F470F /* ImageSlideshow/SDWebImage */,
			);
			productName = SnapchatClone;
			productReference = 58B966FA2913AA1100A42666 /* SnapchatClone.app */;
			productType = "com.apple.product-type.application";
		};
/* End PBXNativeTarget section */

/* Begin PBXProject section */
		58B966F22913AA1100A42666 /* Project object */ = {
			isa = PBXProject;
			attributes = {
				BuildIndependentTargetsInParallel = 1;
				LastSwiftUpdateCheck = 1400;
				LastUpgradeCheck = 1400;
				TargetAttributes = {
					58B966F92913AA1100A42666 = {
						CreatedOnToolsVersion = 14.0.1;
					};
				};
			};
			buildConfigurationList = 58B966F52913AA1100A42666 /* Build configuration list for PBXProject "SnapchatClone" */;
			compatibilityVersion = "Xcode 14.0";
			developmentRegion = en;
			hasScannedForEncodings = 0;
			knownRegions = (
				en,
				Base,
			);
			mainGroup = 58B966F12913AA1100A42666;
			packageReferences = (
				58B967112913AA8900A42666 /* XCRemoteSwiftPackageReference "firebase-ios-sdk" */,
				58BCF3222915006C004F470F /* XCRemoteSwiftPackageReference "SDWebImage" */,
				58BCF32B29150B07004F470F /* XCRemoteSwiftPackageReference "ImageSlideshow" */,
			);
			productRefGroup = 58B966FB2913AA1100A42666 /* Products */;
			projectDirPath = "";
			projectRoot = "";
			targets = (
				58B966F92913AA1100A42666 /* SnapchatClone */,
			);
		};
/* End PBXProject section */

/* Begin PBXResourcesBuildPhase section */
		58B966F82913AA1100A42666 /* Resources */ = {
			isa = PBXResourcesBuildPhase;
			buildActionMask = 2147483647;
			files = (
				58B9670A2913AA1500A42666 /* LaunchScreen.storyboard in Resources */,
				58B967312913AAA300A42666 /* GoogleService-Info.plist in Resources */,
				58B967072913AA1500A42666 /* Assets.xcassets in Resources */,
				58B967052913AA1100A42666 /* Main.storyboard in Resources */,
			);
			runOnlyForDeploymentPostprocessing = 0;
		};
/* End PBXResourcesBuildPhase section */

/* Begin PBXSourcesBuildPhase section */
		58B966F62913AA1100A42666 /* Sources */ = {
			isa = PBXSourcesBuildPhase;
			buildActionMask = 2147483647;
			files = (
				584DBB512913D5D4006CEDA4 /* UserSingleton.swift in Sources */,
				58BCF3212914FDB3004F470F /* FeedCell.swift in Sources */,
				58B967022913AA1100A42666 /* SignInVC.swift in Sources */,
				58B967372913AE8200A42666 /* SettingVC.swift in Sources */,
				58BCF31F2914F937004F470F /* SnapModel.swift in Sources */,
				58B966FE2913AA1100A42666 /* AppDelegate.swift in Sources */,
				58B967352913AE7000A42666 /* FeedVC.swift in Sources */,
				58B967392913B07500A42666 /* SnapVC.swift in Sources */,
				58B967002913AA1100A42666 /* SceneDelegate.swift in Sources */,
				58B967332913AE6000A42666 /* UploadVC.swift in Sources */,
			);
			runOnlyForDeploymentPostprocessing = 0;
		};
/* End PBXSourcesBuildPhase section */

/* Begin PBXVariantGroup section */
		58B967032913AA1100A42666 /* Main.storyboard */ = {
			isa = PBXVariantGroup;
			children = (
				58B967042913AA1100A42666 /* Base */,
			);
			name = Main.storyboard;
			sourceTree = "<group>";
		};
		58B967082913AA1500A42666 /* LaunchScreen.storyboard */ = {
			isa = PBXVariantGroup;
			children = (
				58B967092913AA1500A42666 /* Base */,
			);
			name = LaunchScreen.storyboard;
			sourceTree = "<group>";
		};
/* End PBXVariantGroup section */

/* Begin XCBuildConfiguration section */
		58B9670C2913AA1500A42666 /* Debug */ = {
			isa = XCBuildConfiguration;
			buildSettings = {
				ALWAYS_SEARCH_USER_PATHS = NO;
				CLANG_ANALYZER_NONNULL = YES;
				CLANG_ANALYZER_NUMBER_OBJECT_CONVERSION = YES_AGGRESSIVE;
				CLANG_CXX_LANGUAGE_STANDARD = "gnu++20";
				CLANG_ENABLE_MODULES = YES;
				CLANG_ENABLE_OBJC_ARC = YES;
				CLANG_ENABLE_OBJC_WEAK = YES;
				CLANG_WARN_BLOCK_CAPTURE_AUTORELEASING = YES;
				CLANG_WARN_BOOL_CONVERSION = YES;
				CLANG_WARN_COMMA = YES;
				CLANG_WARN_CONSTANT_CONVERSION = YES;
				CLANG_WARN_DEPRECATED_OBJC_IMPLEMENTATIONS = YES;
				CLANG_WARN_DIRECT_OBJC_ISA_USAGE = YES_ERROR;
				CLANG_WARN_DOCUMENTATION_COMMENTS = YES;
				CLANG_WARN_EMPTY_BODY = YES;
				CLANG_WARN_ENUM_CONVERSION = YES;
				CLANG_WARN_INFINITE_RECURSION = YES;
				CLANG_WARN_INT_CONVERSION = YES;
				CLANG_WARN_NON_LITERAL_NULL_CONVERSION = YES;
				CLANG_WARN_OBJC_IMPLICIT_RETAIN_SELF = YES;
				CLANG_WARN_OBJC_LITERAL_CONVERSION = YES;
				CLANG_WARN_OBJC_ROOT_CLASS = YES_ERROR;
				CLANG_WARN_QUOTED_INCLUDE_IN_FRAMEWORK_HEADER = YES;
				CLANG_WARN_RANGE_LOOP_ANALYSIS = YES;
				CLANG_WARN_STRICT_PROTOTYPES = YES;
				CLANG_WARN_SUSPICIOUS_MOVE = YES;
				CLANG_WARN_UNGUARDED_AVAILABILITY = YES_AGGRESSIVE;
				CLANG_WARN_UNREACHABLE_CODE = YES;
				CLANG_WARN__DUPLICATE_METHOD_MATCH = YES;
				COPY_PHASE_STRIP = NO;
				DEBUG_INFORMATION_FORMAT = dwarf;
				ENABLE_STRICT_OBJC_MSGSEND = YES;
				ENABLE_TESTABILITY = YES;
				GCC_C_LANGUAGE_STANDARD = gnu11;
				GCC_DYNAMIC_NO_PIC = NO;
				GCC_NO_COMMON_BLOCKS = YES;
				GCC_OPTIMIZATION_LEVEL = 0;
				GCC_PREPROCESSOR_DEFINITIONS = (
					"DEBUG=1",
					"$(inherited)",
				);
				GCC_WARN_64_TO_32_BIT_CONVERSION = YES;
				GCC_WARN_ABOUT_RETURN_TYPE = YES_ERROR;
				GCC_WARN_UNDECLARED_SELECTOR = YES;
				GCC_WARN_UNINITIALIZED_AUTOS = YES_AGGRESSIVE;
				GCC_WARN_UNUSED_FUNCTION = YES;
				GCC_WARN_UNUSED_VARIABLE = YES;
				IPHONEOS_DEPLOYMENT_TARGET = 16.0;
				MTL_ENABLE_DEBUG_INFO = INCLUDE_SOURCE;
				MTL_FAST_MATH = YES;
				ONLY_ACTIVE_ARCH = YES;
				SDKROOT = iphoneos;
				SWIFT_ACTIVE_COMPILATION_CONDITIONS = DEBUG;
				SWIFT_OPTIMIZATION_LEVEL = "-Onone";
			};
			name = Debug;
		};
		58B9670D2913AA1500A42666 /* Release */ = {
			isa = XCBuildConfiguration;
			buildSettings = {
				ALWAYS_SEARCH_USER_PATHS = NO;
				CLANG_ANALYZER_NONNULL = YES;
				CLANG_ANALYZER_NUMBER_OBJECT_CONVERSION = YES_AGGRESSIVE;
				CLANG_CXX_LANGUAGE_STANDARD = "gnu++20";
				CLANG_ENABLE_MODULES = YES;
				CLANG_ENABLE_OBJC_ARC = YES;
				CLANG_ENABLE_OBJC_WEAK = YES;
				CLANG_WARN_BLOCK_CAPTURE_AUTORELEASING = YES;
				CLANG_WARN_BOOL_CONVERSION = YES;
				CLANG_WARN_COMMA = YES;
				CLANG_WARN_CONSTANT_CONVERSION = YES;
				CLANG_WARN_DEPRECATED_OBJC_IMPLEMENTATIONS = YES;
				CLANG_WARN_DIRECT_OBJC_ISA_USAGE = YES_ERROR;
				CLANG_WARN_DOCUMENTATION_COMMENTS = YES;
				CLANG_WARN_EMPTY_BODY = YES;
				CLANG_WARN_ENUM_CONVERSION = YES;
				CLANG_WARN_INFINITE_RECURSION = YES;
				CLANG_WARN_INT_CONVERSION = YES;
				CLANG_WARN_NON_LITERAL_NULL_CONVERSION = YES;
				CLANG_WARN_OBJC_IMPLICIT_RETAIN_SELF = YES;
				CLANG_WARN_OBJC_LITERAL_CONVERSION = YES;
				CLANG_WARN_OBJC_ROOT_CLASS = YES_ERROR;
				CLANG_WARN_QUOTED_INCLUDE_IN_FRAMEWORK_HEADER = YES;
				CLANG_WARN_RANGE_LOOP_ANALYSIS = YES;
				CLANG_WARN_STRICT_PROTOTYPES = YES;
				CLANG_WARN_SUSPICIOUS_MOVE = YES;
				CLANG_WARN_UNGUARDED_AVAILABILITY = YES_AGGRESSIVE;
				CLANG_WARN_UNREACHABLE_CODE = YES;
				CLANG_WARN__DUPLICATE_METHOD_MATCH = YES;
				COPY_PHASE_STRIP = NO;
				DEBUG_INFORMATION_FORMAT = "dwarf-with-dsym";
				ENABLE_NS_ASSERTIONS = NO;
				ENABLE_STRICT_OBJC_MSGSEND = YES;
				GCC_C_LANGUAGE_STANDARD = gnu11;
				GCC_NO_COMMON_BLOCKS = YES;
				GCC_WARN_64_TO_32_BIT_CONVERSION = YES;
				GCC_WARN_ABOUT_RETURN_TYPE = YES_ERROR;
				GCC_WARN_UNDECLARED_SELECTOR = YES;
				GCC_WARN_UNINITIALIZED_AUTOS = YES_AGGRESSIVE;
				GCC_WARN_UNUSED_FUNCTION = YES;
				GCC_WARN_UNUSED_VARIABLE = YES;
				IPHONEOS_DEPLOYMENT_TARGET = 16.0;
				MTL_ENABLE_DEBUG_INFO = NO;
				MTL_FAST_MATH = YES;
				SDKROOT = iphoneos;
				SWIFT_COMPILATION_MODE = wholemodule;
				SWIFT_OPTIMIZATION_LEVEL = "-O";
				VALIDATE_PRODUCT = YES;
			};
			name = Release;
		};
		58B9670F2913AA1500A42666 /* Debug */ = {
			isa = XCBuildConfiguration;
			buildSettings = {
				ASSETCATALOG_COMPILER_APPICON_NAME = AppIcon;
				ASSETCATALOG_COMPILER_GLOBAL_ACCENT_COLOR_NAME = AccentColor;
				CODE_SIGN_STYLE = Automatic;
				CURRENT_PROJECT_VERSION = 1;
				DEVELOPMENT_TEAM = 877HPM22MC;
				GENERATE_INFOPLIST_FILE = YES;
				INFOPLIST_FILE = SnapchatClone/Info.plist;
				INFOPLIST_KEY_UIApplicationSupportsIndirectInputEvents = YES;
				INFOPLIST_KEY_UILaunchStoryboardName = LaunchScreen;
				INFOPLIST_KEY_UIMainStoryboardFile = Main;
				INFOPLIST_KEY_UISupportedInterfaceOrientations_iPad = "UIInterfaceOrientationPortrait UIInterfaceOrientationPortraitUpsideDown UIInterfaceOrientationLandscapeLeft UIInterfaceOrientationLandscapeRight";
				INFOPLIST_KEY_UISupportedInterfaceOrientations_iPhone = "UIInterfaceOrientationPortrait UIInterfaceOrientationLandscapeLeft UIInterfaceOrientationLandscapeRight";
				LD_RUNPATH_SEARCH_PATHS = (
					"$(inherited)",
					"@executable_path/Frameworks",
				);
				MARKETING_VERSION = 1.0;
				PRODUCT_BUNDLE_IDENTIFIER = com.inf.SnapchatClone;
				PRODUCT_NAME = "$(TARGET_NAME)";
				SWIFT_EMIT_LOC_STRINGS = YES;
				SWIFT_VERSION = 5.0;
				TARGETED_DEVICE_FAMILY = "1,2";
			};
			name = Debug;
		};
		58B967102913AA1500A42666 /* Release */ = {
			isa = XCBuildConfiguration;
			buildSettings = {
				ASSETCATALOG_COMPILER_APPICON_NAME = AppIcon;
				ASSETCATALOG_COMPILER_GLOBAL_ACCENT_COLOR_NAME = AccentColor;
				CODE_SIGN_STYLE = Automatic;
				CURRENT_PROJECT_VERSION = 1;
				DEVELOPMENT_TEAM = 877HPM22MC;
				GENERATE_INFOPLIST_FILE = YES;
				INFOPLIST_FILE = SnapchatClone/Info.plist;
				INFOPLIST_KEY_UIApplicationSupportsIndirectInputEvents = YES;
				INFOPLIST_KEY_UILaunchStoryboardName = LaunchScreen;
				INFOPLIST_KEY_UIMainStoryboardFile = Main;
				INFOPLIST_KEY_UISupportedInterfaceOrientations_iPad = "UIInterfaceOrientationPortrait UIInterfaceOrientationPortraitUpsideDown UIInterfaceOrientationLandscapeLeft UIInterfaceOrientationLandscapeRight";
				INFOPLIST_KEY_UISupportedInterfaceOrientations_iPhone = "UIInterfaceOrientationPortrait UIInterfaceOrientationLandscapeLeft UIInterfaceOrientationLandscapeRight";
				LD_RUNPATH_SEARCH_PATHS = (
					"$(inherited)",
					"@executable_path/Frameworks",
				);
				MARKETING_VERSION = 1.0;
				PRODUCT_BUNDLE_IDENTIFIER = com.inf.SnapchatClone;
				PRODUCT_NAME = "$(TARGET_NAME)";
				SWIFT_EMIT_LOC_STRINGS = YES;
				SWIFT_VERSION = 5.0;
				TARGETED_DEVICE_FAMILY = "1,2";
			};
			name = Release;
		};
/* End XCBuildConfiguration section */

/* Begin XCConfigurationList section */
		58B966F52913AA1100A42666 /* Build configuration list for PBXProject "SnapchatClone" */ = {
			isa = XCConfigurationList;
			buildConfigurations = (
				58B9670C2913AA1500A42666 /* Debug */,
				58B9670D2913AA1500A42666 /* Release */,
			);
			defaultConfigurationIsVisible = 0;
			defaultConfigurationName = Release;
		};
		58B9670E2913AA1500A42666 /* Build configuration list for PBXNativeTarget "SnapchatClone" */ = {
			isa = XCConfigurationList;
			buildConfigurations = (
				58B9670F2913AA1500A42666 /* Debug */,
				58B967102913AA1500A42666 /* Release */,
			);
			defaultConfigurationIsVisible = 0;
			defaultConfigurationName = Release;
		};
/* End XCConfigurationList section */

/* Begin XCRemoteSwiftPackageReference section */
		58B967112913AA8900A42666 /* XCRemoteSwiftPackageReference "firebase-ios-sdk" */ = {
			isa = XCRemoteSwiftPackageReference;
			repositoryURL = "https://github.com/firebase/firebase-ios-sdk";
			requirement = {
				kind = upToNextMajorVersion;
				minimumVersion = 7.0.0;
			};
		};
		58BCF3222915006C004F470F /* XCRemoteSwiftPackageReference "SDWebImage" */ = {
			isa = XCRemoteSwiftPackageReference;
			repositoryURL = "https://github.com/SDWebImage/SDWebImage";
			requirement = {
				branch = master;
				kind = branch;
			};
		};
		58BCF32B29150B07004F470F /* XCRemoteSwiftPackageReference "ImageSlideshow" */ = {
			isa = XCRemoteSwiftPackageReference;
			repositoryURL = "https://github.com/zvonicek/ImageSlideshow";
			requirement = {
				branch = master;
				kind = branch;
			};
		};
/* End XCRemoteSwiftPackageReference section */

/* Begin XCSwiftPackageProductDependency section */
		58B967122913AA8900A42666 /* FirebaseAppDistribution-Beta */ = {
			isa = XCSwiftPackageProductDependency;
			package = 58B967112913AA8900A42666 /* XCRemoteSwiftPackageReference "firebase-ios-sdk" */;
			productName = "FirebaseAppDistribution-Beta";
		};
		58B967142913AA8900A42666 /* FirebaseAuth */ = {
			isa = XCSwiftPackageProductDependency;
			package = 58B967112913AA8900A42666 /* XCRemoteSwiftPackageReference "firebase-ios-sdk" */;
			productName = FirebaseAuth;
		};
		58B967162913AA8900A42666 /* FirebaseDatabase */ = {
			isa = XCSwiftPackageProductDependency;
			package = 58B967112913AA8900A42666 /* XCRemoteSwiftPackageReference "firebase-ios-sdk" */;
			productName = FirebaseDatabase;
		};
		58B967182913AA8900A42666 /* FirebaseDynamicLinks */ = {
			isa = XCSwiftPackageProductDependency;
			package = 58B967112913AA8900A42666 /* XCRemoteSwiftPackageReference "firebase-ios-sdk" */;
			productName = FirebaseDynamicLinks;
		};
		58B9671A2913AA8900A42666 /* FirebaseFirestore */ = {
			isa = XCSwiftPackageProductDependency;
			package = 58B967112913AA8900A42666 /* XCRemoteSwiftPackageReference "firebase-ios-sdk" */;
			productName = FirebaseFirestore;
		};
		58B9671C2913AA8900A42666 /* FirebaseFirestoreSwift-Beta */ = {
			isa = XCSwiftPackageProductDependency;
			package = 58B967112913AA8900A42666 /* XCRemoteSwiftPackageReference "firebase-ios-sdk" */;
			productName = "FirebaseFirestoreSwift-Beta";
		};
		58B9671E2913AA8900A42666 /* FirebaseFunctions */ = {
			isa = XCSwiftPackageProductDependency;
			package = 58B967112913AA8900A42666 /* XCRemoteSwiftPackageReference "firebase-ios-sdk" */;
			productName = FirebaseFunctions;
		};
		58B967202913AA8900A42666 /* FirebaseInAppMessaging-Beta */ = {
			isa = XCSwiftPackageProductDependency;
			package = 58B967112913AA8900A42666 /* XCRemoteSwiftPackageReference "firebase-ios-sdk" */;
			productName = "FirebaseInAppMessaging-Beta";
		};
		58B967222913AA8900A42666 /* FirebaseInAppMessagingSwift-Beta */ = {
			isa = XCSwiftPackageProductDependency;
			package = 58B967112913AA8900A42666 /* XCRemoteSwiftPackageReference "firebase-ios-sdk" */;
			productName = "FirebaseInAppMessagingSwift-Beta";
		};
		58B967242913AA8900A42666 /* FirebaseInstallations */ = {
			isa = XCSwiftPackageProductDependency;
			package = 58B967112913AA8900A42666 /* XCRemoteSwiftPackageReference "firebase-ios-sdk" */;
			productName = FirebaseInstallations;
		};
		58B967262913AA8900A42666 /* FirebaseMLModelDownloader */ = {
			isa = XCSwiftPackageProductDependency;
			package = 58B967112913AA8900A42666 /* XCRemoteSwiftPackageReference "firebase-ios-sdk" */;
			productName = FirebaseMLModelDownloader;
		};
		58B967282913AA8900A42666 /* FirebaseMessaging */ = {
			isa = XCSwiftPackageProductDependency;
			package = 58B967112913AA8900A42666 /* XCRemoteSwiftPackageReference "firebase-ios-sdk" */;
			productName = FirebaseMessaging;
		};
		58B9672A2913AA8900A42666 /* FirebaseRemoteConfig */ = {
			isa = XCSwiftPackageProductDependency;
			package = 58B967112913AA8900A42666 /* XCRemoteSwiftPackageReference "firebase-ios-sdk" */;
			productName = FirebaseRemoteConfig;
		};
		58B9672C2913AA8900A42666 /* FirebaseStorage */ = {
			isa = XCSwiftPackageProductDependency;
			package = 58B967112913AA8900A42666 /* XCRemoteSwiftPackageReference "firebase-ios-sdk" */;
			productName = FirebaseStorage;
		};
		58B9672E2913AA8900A42666 /* FirebaseStorageSwift-Beta */ = {
			isa = XCSwiftPackageProductDependency;
			package = 58B967112913AA8900A42666 /* XCRemoteSwiftPackageReference "firebase-ios-sdk" */;
			productName = "FirebaseStorageSwift-Beta";
		};
		58BCF3232915006C004F470F /* SDWebImage */ = {
			isa = XCSwiftPackageProductDependency;
			package = 58BCF3222915006C004F470F /* XCRemoteSwiftPackageReference "SDWebImage" */;
			productName = SDWebImage;
		};
		58BCF32C29150B07004F470F /* ImageSlideshow */ = {
			isa = XCSwiftPackageProductDependency;
			package = 58BCF32B29150B07004F470F /* XCRemoteSwiftPackageReference "ImageSlideshow" */;
			productName = ImageSlideshow;
		};
		58BCF32E29150B07004F470F /* ImageSlideshow/Alamofire */ = {
			isa = XCSwiftPackageProductDependency;
			package = 58BCF32B29150B07004F470F /* XCRemoteSwiftPackageReference "ImageSlideshow" */;
			productName = ImageSlideshow/Alamofire;
		};
		58BCF33029150B07004F470F /* ImageSlideshow/Kingfisher */ = {
			isa = XCSwiftPackageProductDependency;
			package = 58BCF32B29150B07004F470F /* XCRemoteSwiftPackageReference "ImageSlideshow" */;
			productName = ImageSlideshow/Kingfisher;
		};
		58BCF33229150B07004F470F /* ImageSlideshow/SDWebImage */ = {
			isa = XCSwiftPackageProductDependency;
			package = 58BCF32B29150B07004F470F /* XCRemoteSwiftPackageReference "ImageSlideshow" */;
			productName = ImageSlideshow/SDWebImage;
		};
/* End XCSwiftPackageProductDependency section */
	};
	rootObject = 58B966F22913AA1100A42666 /* Project object */;
}
